<?xml version="1.0" encoding="utf-8"?>
<Project ToolsVersion="4.0" xmlns="http://schemas.microsoft.com/developer/msbuild/2003">
  <ItemGroup>
    <Filter Include="Исходные файлы">
      <UniqueIdentifier>{4FC737F1-C7A5-4376-A066-2A32D752A2FF}</UniqueIdentifier>
      <Extensions>cpp;c;cc;cxx;c++;cppm;ixx;def;odl;idl;hpj;bat;asm;asmx</Extensions>
    </Filter>
    <Filter Include="Файлы заголовков">
      <UniqueIdentifier>{93995380-89BD-4b04-88EB-625FBE52EBFB}</UniqueIdentifier>
      <Extensions>h;hh;hpp;hxx;h++;hm;inl;inc;ipp;xsd</Extensions>
    </Filter>
    <Filter Include="Файлы ресурсов">
      <UniqueIdentifier>{67DA6AB6-F800-4c08-8B7A-83BB121AAD01}</UniqueIdentifier>
      <Extensions>rc;ico;cur;bmp;dlg;rc2;rct;bin;rgs;gif;jpg;jpeg;jpe;resx;tiff;tif;png;wav;mfcribbon-ms</Extensions>
    </Filter>
    <Filter Include="Console">
      <UniqueIdentifier>{46450fa4-9c1d-4117-9f22-79d6e16e49ea}</UniqueIdentifier>
    </Filter>
    <Filter Include="DateTime">
      <UniqueIdentifier>{f9a645b8-d84d-4d53-859d-6f6025042a68}</UniqueIdentifier>
    </Filter>
    <Filter Include="List">
      <UniqueIdentifier>{a24316a3-7dd2-469d-b7ab-f19528751123}</UniqueIdentifier>
    </Filter>
    <Filter Include="DateTime\Date">
      <UniqueIdentifier>{664eb0d7-fcea-4773-a018-ce51e9d73437}</UniqueIdentifier>
    </Filter>
    <Filter Include="DateTime\Time">
      <UniqueIdentifier>{dd2d0766-d7c0-4dad-b98b-bb24a5e2fb86}</UniqueIdentifier>
    </Filter>
    <Filter Include="Main">
      <UniqueIdentifier>{f6fc9ef7-6a76-40da-8467-28e54cbf5a9e}</UniqueIdentifier>
    </Filter>
    <Filter Include="DateTime\TimeZone">
      <UniqueIdentifier>{39ddfa71-a805-4e13-a9c0-e62537f3e2f8}</UniqueIdentifier>
    </Filter>
    <Filter Include="DateTime\DateTimeZone">
      <UniqueIdentifier>{fc3f7ba2-17a8-434a-8ff8-24efc5da401c}</UniqueIdentifier>
    </Filter>
    <Filter Include="DateTime\Shift">
      <UniqueIdentifier>{708f260a-bfb4-4585-816c-cef5dbb28572}</UniqueIdentifier>
    </Filter>
    <Filter Include="DateTime\Shift\TimeZoneShift">
      <UniqueIdentifier>{976d976b-bcfb-4e81-95c0-c7ed0db55692}</UniqueIdentifier>
    </Filter>
    <Filter Include="DateTime\Shift\TimeShift">
      <UniqueIdentifier>{8be7b0d3-4709-431b-aa9d-5270e3ebf490}</UniqueIdentifier>
    </Filter>
    <Filter Include="DateTime\Shift\TimeShift\SecondsShift">
      <UniqueIdentifier>{910a228b-d5f6-4ab8-8221-0a29e8be3e44}</UniqueIdentifier>
    </Filter>
  </ItemGroup>
  <ItemGroup>
    <ClInclude Include="Time.h">
      <Filter>DateTime\Time</Filter>
    </ClInclude>
    <ClInclude Include="Date.h">
      <Filter>DateTime\Date</Filter>
    </ClInclude>
    <ClInclude Include="Week.h">
      <Filter>DateTime\Date</Filter>
    </ClInclude>
    <ClInclude Include="Month.h">
      <Filter>DateTime\Date</Filter>
    </ClInclude>
    <ClInclude Include="TimeZone.h">
      <Filter>DateTime\TimeZone</Filter>
    </ClInclude>
    <ClInclude Include="DateTimeZone.h">
      <Filter>DateTime\DateTimeZone</Filter>
    </ClInclude>
    <ClInclude Include="Shift.h">
      <Filter>DateTime\Shift</Filter>
    </ClInclude>
    <ClInclude Include="TimeZoneShift.h">
      <Filter>DateTime\Shift\TimeZoneShift</Filter>
    </ClInclude>
    <ClInclude Include="TimeShift.h">
      <Filter>DateTime\Shift\TimeShift</Filter>
    </ClInclude>
    <ClInclude Include="SecondsShift.h">
      <Filter>DateTime\Shift\TimeShift\SecondsShift</Filter>
    </ClInclude>
  </ItemGroup>
  <ItemGroup>
    <ClCompile Include="main.cpp">
      <Filter>Main</Filter>
    </ClCompile>
    <ClCompile Include="Time.cpp">
      <Filter>DateTime\Time</Filter>
    </ClCompile>
    <ClCompile Include="Date.cpp">
      <Filter>DateTime\Date</Filter>
    </ClCompile>
    <ClCompile Include="TimeZone.cpp">
      <Filter>DateTime\TimeZone</Filter>
    </ClCompile>
    <ClCompile Include="DateTimeZone.cpp">
      <Filter>DateTime\DateTimeZone</Filter>
    </ClCompile>
    <ClCompile Include="TimeZoneShift.cpp">
      <Filter>DateTime\Shift\TimeZoneShift</Filter>
    </ClCompile>
    <ClCompile Include="SecondShift.cpp">
      <Filter>DateTime\Shift\TimeShift\SecondsShift</Filter>
    </ClCompile>
  </ItemGroup>
</Project>