<?xml version="1.0" encoding="utf-8"?>
<Project ToolsVersion="4.0" xmlns="http://schemas.microsoft.com/developer/msbuild/2003">
  <ItemGroup>
    <Filter Include="Исходные файлы">
      <UniqueIdentifier>{4FC737F1-C7A5-4376-A066-2A32D752A2FF}</UniqueIdentifier>
      <Extensions>cpp;c;cc;cxx;c++;cppm;ixx;def;odl;idl;hpj;bat;asm;asmx</Extensions>
    </Filter>
    <Filter Include="Файлы заголовков">
      <UniqueIdentifier>{93995380-89BD-4b04-88EB-625FBE52EBFB}</UniqueIdentifier>
      <Extensions>h;hh;hpp;hxx;h++;hm;inl;inc;ipp;xsd</Extensions>
    </Filter>
    <Filter Include="Файлы ресурсов">
      <UniqueIdentifier>{67DA6AB6-F800-4c08-8B7A-83BB121AAD01}</UniqueIdentifier>
      <Extensions>rc;ico;cur;bmp;dlg;rc2;rct;bin;rgs;gif;jpg;jpeg;jpe;resx;tiff;tif;png;wav;mfcribbon-ms</Extensions>
    </Filter>
    <Filter Include="Time">
      <UniqueIdentifier>{5cf94f2f-2ed1-43bc-9837-128ac2e9cf85}</UniqueIdentifier>
    </Filter>
    <Filter Include="TimeZone">
      <UniqueIdentifier>{73c3b356-6f08-47c0-8a52-00e40d4615a2}</UniqueIdentifier>
    </Filter>
    <Filter Include="Date">
      <UniqueIdentifier>{463fe3eb-c83f-4225-9e61-ab873b1ab886}</UniqueIdentifier>
    </Filter>
    <Filter Include="Shift">
      <UniqueIdentifier>{3ba7bc12-9751-4597-8cda-700c4cfdd743}</UniqueIdentifier>
    </Filter>
    <Filter Include="Shift\TimeZoneShift">
      <UniqueIdentifier>{c3d1f63b-2706-4115-b895-951ee8ae36dc}</UniqueIdentifier>
    </Filter>
    <Filter Include="Shift\DateShift">
      <UniqueIdentifier>{ebdfdbdc-131d-45a6-a5da-11a0b2ce9ed9}</UniqueIdentifier>
    </Filter>
    <Filter Include="Shift\TimeShift">
      <UniqueIdentifier>{13eb8d89-d563-4460-b27b-a50c34f6162c}</UniqueIdentifier>
    </Filter>
    <Filter Include="Shift\TimeShift\SecondsShift">
      <UniqueIdentifier>{8d088d9f-6a9c-4179-9c42-e764a5ec3587}</UniqueIdentifier>
    </Filter>
    <Filter Include="Shift\TimeShift\MinutesShift">
      <UniqueIdentifier>{f6e443b4-dfcc-49f0-ad6d-a77f0f5783d6}</UniqueIdentifier>
    </Filter>
    <Filter Include="Shift\TimeShift\HoursShift">
      <UniqueIdentifier>{ae2c5744-21ef-4c5e-a478-5b54db6d194c}</UniqueIdentifier>
    </Filter>
  </ItemGroup>
  <ItemGroup>
    <ClCompile Include="pch.cpp">
      <Filter>Исходные файлы</Filter>
    </ClCompile>
    <ClCompile Include="UnitTestTime.cpp">
      <Filter>Time</Filter>
    </ClCompile>
    <ClCompile Include="UnitTestTimeZone.cpp">
      <Filter>TimeZone</Filter>
    </ClCompile>
    <ClCompile Include="UnitTestDate.cpp">
      <Filter>Date</Filter>
    </ClCompile>
    <ClCompile Include="TimeZoneShiftTest.cpp">
      <Filter>Shift\TimeZoneShift</Filter>
    </ClCompile>
    <ClCompile Include="UnitTestDateShift.cpp">
      <Filter>Shift\DateShift</Filter>
    </ClCompile>
    <ClCompile Include="UnitTestTimeShift.cpp">
      <Filter>Shift\TimeShift</Filter>
    </ClCompile>
    <ClCompile Include="UnitTestSecondsShift.cpp">
      <Filter>Shift\TimeShift\SecondsShift</Filter>
    </ClCompile>
    <ClCompile Include="UnitTestsMinutesShift.cpp">
      <Filter>Shift\TimeShift\MinutesShift</Filter>
    </ClCompile>
    <ClCompile Include="UnitTestHoursShift.cpp">
      <Filter>Shift\TimeShift\HoursShift</Filter>
    </ClCompile>
  </ItemGroup>
  <ItemGroup>
    <ClInclude Include="pch.h">
      <Filter>Файлы заголовков</Filter>
    </ClInclude>
  </ItemGroup>
</Project>